
Microsoft Visual Studio Solution File, Format Version 12.00
# Visual Studio Version 17
VisualStudioVersion = 17.8.34309.116
MinimumVisualStudioVersion = 10.0.40219.1
Project("{FAE04EC0-301F-11D3-BF4B-00C04F79EFBC}") = "Models", "Models\Models.csproj", "{BD9C9F76-ADDA-4C0A-BDCB-CF11D9C744BE}"
EndProject
Global
	GlobalSection(SolutionConfigurationPlatforms) = preSolution
		Debug|Any CPU = Debug|Any CPU
		Release|Any CPU = Release|Any CPU
	EndGlobalSection
	GlobalSection(ProjectConfigurationPlatforms) = postSolution
		{BD9C9F76-ADDA-4C0A-BDCB-CF11D9C744BE}.Debug|Any CPU.ActiveCfg = Debug|Any CPU
		{BD9C9F76-ADDA-4C0A-BDCB-CF11D9C744BE}.Debug|Any CPU.Build.0 = Debug|Any CPU
		{BD9C9F76-ADDA-4C0A-BDCB-CF11D9C744BE}.Release|Any CPU.ActiveCfg = Release|Any CPU
		{BD9C9F76-ADDA-4C0A-BDCB-CF11D9C744BE}.Release|Any CPU.Build.0 = Release|Any CPU
	EndGlobalSection
	GlobalSection(SolutionProperties) = preSolution
		HideSolutionNode = FALSE
	EndGlobalSection
	GlobalSection(ExtensibilityGlobals) = postSolution
		SolutionGuid = {A3042AD5-13F3-4AC5-95FD-A3F5C417B90B}
	EndGlobalSection
EndGlobal
